// !$*UTF8*$!
{
	archiveVersion = 1;
	classes = {
	};
	objectVersion = 54;
	objects = {

/* Begin PBXBuildFile section */
		0C80B921A6F3F58F76C31292 /* libPods-CoinMob.a in Frameworks */ = {isa = PBXBuildFile; fileRef = 5DCACB8F33CDC322A6C60F78 /* libPods-CoinMob.a */; };
		13B07FBF1A68108700A75B9A /* Images.xcassets in Resources */ = {isa = PBXBuildFile; fileRef = 13B07FB51A68108700A75B9A /* Images.xcassets */; };
		761780ED2CA45674006654EE /* AppDelegate.swift in Sources */ = {isa = PBXBuildFile; fileRef = 761780EC2CA45674006654EE /* AppDelegate.swift */; };
		81AB9BB82411601600AC10FF /* LaunchScreen.storyboard in Resources */ = {isa = PBXBuildFile; fileRef = 81AB9BB72411601600AC10FF /* LaunchScreen.storyboard */; };
		59D6B1A1586B44BBB7059B7A /* Poppins-Black.ttf in Resources */ = {isa = PBXBuildFile; fileRef = BDB2D8A97220405892522D9B /* Poppins-Black.ttf */; };
		37F686EA5B844A1AAB84C4AF /* Poppins-BlackItalic.ttf in Resources */ = {isa = PBXBuildFile; fileRef = 708A53A5CE254A278ED4D88E /* Poppins-BlackItalic.ttf */; };
		8A1C0939096E41E2AF28BB5F /* Poppins-Bold.ttf in Resources */ = {isa = PBXBuildFile; fileRef = 790F52513E7B45178A8F3B1E /* Poppins-Bold.ttf */; };
		9ED2927A55FC4C33A6D5729C /* Poppins-BoldItalic.ttf in Resources */ = {isa = PBXBuildFile; fileRef = 1D5F0BBFC10A46C4BC19436A /* Poppins-BoldItalic.ttf */; };
		AB186C9CCB6244C3B41B21D7 /* Poppins-ExtraBold.ttf in Resources */ = {isa = PBXBuildFile; fileRef = D11C876917BF461B8FE2E5DB /* Poppins-ExtraBold.ttf */; };
		A1F7CCF2050042C3AD08BC61 /* Poppins-ExtraBoldItalic.ttf in Resources */ = {isa = PBXBuildFile; fileRef = AFB05FD4D7824B999AE9F71B /* Poppins-ExtraBoldItalic.ttf */; };
		304ECC4AC3694573B9AE6E97 /* Poppins-ExtraLight.ttf in Resources */ = {isa = PBXBuildFile; fileRef = 53D6ABAA8FD44912A27204B7 /* Poppins-ExtraLight.ttf */; };
		ACF97E08B89140139D8F8E14 /* Poppins-ExtraLightItalic.ttf in Resources */ = {isa = PBXBuildFile; fileRef = D2E99C889AE34F8E92EDDB88 /* Poppins-ExtraLightItalic.ttf */; };
		1F86D9A938964A738B01B7C1 /* Poppins-Italic.ttf in Resources */ = {isa = PBXBuildFile; fileRef = A2A2038D0C5A4CF6AE9D720E /* Poppins-Italic.ttf */; };
		C21B3B421A1D44A9B7DD5AA8 /* Poppins-Light.ttf in Resources */ = {isa = PBXBuildFile; fileRef = BAE82983238546F79964C0A7 /* Poppins-Light.ttf */; };
		D3F1C7A0CA864353BDADF4CD /* Poppins-LightItalic.ttf in Resources */ = {isa = PBXBuildFile; fileRef = 3FF323F2EA954DCB9707709A /* Poppins-LightItalic.ttf */; };
		53DBE3B5BECE47109AAE5EB3 /* Poppins-Medium.ttf in Resources */ = {isa = PBXBuildFile; fileRef = 70C0094FA70649E29B0EA800 /* Poppins-Medium.ttf */; };
		C10BA6BAFA0C4884BB41B5A3 /* Poppins-MediumItalic.ttf in Resources */ = {isa = PBXBuildFile; fileRef = B372F618AD65447CA2D65F42 /* Poppins-MediumItalic.ttf */; };
		36610FE24DB84C6CAE2EA6AD /* Poppins-Regular.ttf in Resources */ = {isa = PBXBuildFile; fileRef = B9858D7321A540A48CE5BBD0 /* Poppins-Regular.ttf */; };
		1670875D9CBD4F1EA4826FC0 /* Poppins-SemiBold.ttf in Resources */ = {isa = PBXBuildFile; fileRef = 46E3EE3C50BA4ABE95AE2F55 /* Poppins-SemiBold.ttf */; };
		18F41EBCC0AC455FB811CA1F /* Poppins-SemiBoldItalic.ttf in Resources */ = {isa = PBXBuildFile; fileRef = D3045890E34149A48E8FDCED /* Poppins-SemiBoldItalic.ttf */; };
		D32283DF253243F8A0C5FCB2 /* Poppins-Thin.ttf in Resources */ = {isa = PBXBuildFile; fileRef = EF50AB0D192F455B8247DF3F /* Poppins-Thin.ttf */; };
		426340257B884236A81C409D /* Poppins-ThinItalic.ttf in Resources */ = {isa = PBXBuildFile; fileRef = 3CFA1EBCF5DE458A80CFB0D0 /* Poppins-ThinItalic.ttf */; };
		403C480503074A4E84D202FF /* AntDesign.ttf in Resources */ = {isa = PBXBuildFile; fileRef = E32A2B2FF3054700BDC279C7 /* AntDesign.ttf */; };
		984E912B9A0844ACAACBF94A /* Entypo.ttf in Resources */ = {isa = PBXBuildFile; fileRef = 668DCFDC5805400B99F11C3F /* Entypo.ttf */; };
		11E396EB2C164706A2ECCB82 /* EvilIcons.ttf in Resources */ = {isa = PBXBuildFile; fileRef = 305D2478070743EBB30A9D77 /* EvilIcons.ttf */; };
		A7BD23D4778E4F59B4BEBBFD /* Feather.ttf in Resources */ = {isa = PBXBuildFile; fileRef = F60EE142C07842BF84F31C29 /* Feather.ttf */; };
		66DCB0E2115244BF9A0E8E84 /* FontAwesome.ttf in Resources */ = {isa = PBXBuildFile; fileRef = E10CE545847640D9A825EFBD /* FontAwesome.ttf */; };
		A25C5237E38146F3A346ABD6 /* FontAwesome5_Brands.ttf in Resources */ = {isa = PBXBuildFile; fileRef = 8A0BB4DAD5504DA99CAEE358 /* FontAwesome5_Brands.ttf */; };
		BD2068D3DEC64F838DFC2E0D /* FontAwesome5_Regular.ttf in Resources */ = {isa = PBXBuildFile; fileRef = 64B70278656F416CAC4FE16E /* FontAwesome5_Regular.ttf */; };
		970B07F15D614BB9B55E0C65 /* FontAwesome5_Solid.ttf in Resources */ = {isa = PBXBuildFile; fileRef = F1F4F973490A498091AFAD8C /* FontAwesome5_Solid.ttf */; };
		EA86F234F3444988A7EB1389 /* FontAwesome6_Brands.ttf in Resources */ = {isa = PBXBuildFile; fileRef = D98B6A89BCE34E7BB227D4E1 /* FontAwesome6_Brands.ttf */; };
		977771D3C564496FBFDD741C /* FontAwesome6_Regular.ttf in Resources */ = {isa = PBXBuildFile; fileRef = 0A3DBA278BB54206B3F77B45 /* FontAwesome6_Regular.ttf */; };
		964AFEA180394C7ABE1EC37C /* FontAwesome6_Solid.ttf in Resources */ = {isa = PBXBuildFile; fileRef = F666B306B03646F1A2BF6EB4 /* FontAwesome6_Solid.ttf */; };
		2E1BCB5A246E49AD9040C3F8 /* Fontisto.ttf in Resources */ = {isa = PBXBuildFile; fileRef = 92CDF6E26F114A8F82E08596 /* Fontisto.ttf */; };
		F78AC89E193A4603A977FE40 /* Foundation.ttf in Resources */ = {isa = PBXBuildFile; fileRef = BD17F0E11F084F25BDB593DE /* Foundation.ttf */; };
		95F7EBE75CEF455D9E55888C /* Ionicons.ttf in Resources */ = {isa = PBXBuildFile; fileRef = 58F19D2C029443B0B161096D /* Ionicons.ttf */; };
		80F93146233E4B2D855131C9 /* MaterialCommunityIcons.ttf in Resources */ = {isa = PBXBuildFile; fileRef = 735FA96B0ECC46A1A17831FA /* MaterialCommunityIcons.ttf */; };
		07D7843D9FC14051886251B6 /* MaterialIcons.ttf in Resources */ = {isa = PBXBuildFile; fileRef = C18CFD2FFFA54B89B56E0132 /* MaterialIcons.ttf */; };
		CC3759D125E945A0A5D96763 /* Octicons.ttf in Resources */ = {isa = PBXBuildFile; fileRef = 2DC44C92A6B4432C9CA90CAF /* Octicons.ttf */; };
		3F31AB3E2C1344FEB67F5DF4 /* SimpleLineIcons.ttf in Resources */ = {isa = PBXBuildFile; fileRef = 5BE8C1E547D944B5967CC616 /* SimpleLineIcons.ttf */; };
		FF32408AF5024B71A84581C1 /* Zocial.ttf in Resources */ = {isa = PBXBuildFile; fileRef = 94C05A1EAA8F44679C5CC442 /* Zocial.ttf */; };
/* End PBXBuildFile section */

/* Begin PBXFileReference section */
		13B07F961A680F5B00A75B9A /* CoinMob.app */ = {isa = PBXFileReference; explicitFileType = wrapper.application; includeInIndex = 0; path = CoinMob.app; sourceTree = BUILT_PRODUCTS_DIR; };
		13B07FB51A68108700A75B9A /* Images.xcassets */ = {isa = PBXFileReference; lastKnownFileType = folder.assetcatalog; name = Images.xcassets; path = CoinMob/Images.xcassets; sourceTree = "<group>"; };
		13B07FB61A68108700A75B9A /* Info.plist */ = {isa = PBXFileReference; fileEncoding = 4; lastKnownFileType = text.plist.xml; name = Info.plist; path = CoinMob/Info.plist; sourceTree = "<group>"; };
		13B07FB81A68108700A75B9A /* PrivacyInfo.xcprivacy */ = {isa = PBXFileReference; fileEncoding = 4; lastKnownFileType = text.plist.xml; name = PrivacyInfo.xcprivacy; path = CoinMob/PrivacyInfo.xcprivacy; sourceTree = "<group>"; };
		3B4392A12AC88292D35C810B /* Pods-CoinMob.debug.xcconfig */ = {isa = PBXFileReference; includeInIndex = 1; lastKnownFileType = text.xcconfig; name = "Pods-CoinMob.debug.xcconfig"; path = "Target Support Files/Pods-CoinMob/Pods-CoinMob.debug.xcconfig"; sourceTree = "<group>"; };
		5709B34CF0A7D63546082F79 /* Pods-CoinMob.release.xcconfig */ = {isa = PBXFileReference; includeInIndex = 1; lastKnownFileType = text.xcconfig; name = "Pods-CoinMob.release.xcconfig"; path = "Target Support Files/Pods-CoinMob/Pods-CoinMob.release.xcconfig"; sourceTree = "<group>"; };
		5DCACB8F33CDC322A6C60F78 /* libPods-CoinMob.a */ = {isa = PBXFileReference; explicitFileType = archive.ar; includeInIndex = 0; path = "libPods-CoinMob.a"; sourceTree = BUILT_PRODUCTS_DIR; };
		761780EC2CA45674006654EE /* AppDelegate.swift */ = {isa = PBXFileReference; lastKnownFileType = sourcecode.swift; name = AppDelegate.swift; path = CoinMob/AppDelegate.swift; sourceTree = "<group>"; };
		81AB9BB72411601600AC10FF /* LaunchScreen.storyboard */ = {isa = PBXFileReference; fileEncoding = 4; lastKnownFileType = file.storyboard; name = LaunchScreen.storyboard; path = CoinMob/LaunchScreen.storyboard; sourceTree = "<group>"; };
		ED297162215061F000B7C4FE /* JavaScriptCore.framework */ = {isa = PBXFileReference; lastKnownFileType = wrapper.framework; name = JavaScriptCore.framework; path = System/Library/Frameworks/JavaScriptCore.framework; sourceTree = SDKROOT; };
		BDB2D8A97220405892522D9B /* Poppins-Black.ttf */ = {isa = PBXFileReference; name = "Poppins-Black.ttf"; path = "../src/assets/fonts/Poppins-Black.ttf"; sourceTree = "<group>"; fileEncoding = undefined; lastKnownFileType = unknown; explicitFileType = undefined; includeInIndex = 0; };
		708A53A5CE254A278ED4D88E /* Poppins-BlackItalic.ttf */ = {isa = PBXFileReference; name = "Poppins-BlackItalic.ttf"; path = "../src/assets/fonts/Poppins-BlackItalic.ttf"; sourceTree = "<group>"; fileEncoding = undefined; lastKnownFileType = unknown; explicitFileType = undefined; includeInIndex = 0; };
		790F52513E7B45178A8F3B1E /* Poppins-Bold.ttf */ = {isa = PBXFileReference; name = "Poppins-Bold.ttf"; path = "../src/assets/fonts/Poppins-Bold.ttf"; sourceTree = "<group>"; fileEncoding = undefined; lastKnownFileType = unknown; explicitFileType = undefined; includeInIndex = 0; };
		1D5F0BBFC10A46C4BC19436A /* Poppins-BoldItalic.ttf */ = {isa = PBXFileReference; name = "Poppins-BoldItalic.ttf"; path = "../src/assets/fonts/Poppins-BoldItalic.ttf"; sourceTree = "<group>"; fileEncoding = undefined; lastKnownFileType = unknown; explicitFileType = undefined; includeInIndex = 0; };
		D11C876917BF461B8FE2E5DB /* Poppins-ExtraBold.ttf */ = {isa = PBXFileReference; name = "Poppins-ExtraBold.ttf"; path = "../src/assets/fonts/Poppins-ExtraBold.ttf"; sourceTree = "<group>"; fileEncoding = undefined; lastKnownFileType = unknown; explicitFileType = undefined; includeInIndex = 0; };
		AFB05FD4D7824B999AE9F71B /* Poppins-ExtraBoldItalic.ttf */ = {isa = PBXFileReference; name = "Poppins-ExtraBoldItalic.ttf"; path = "../src/assets/fonts/Poppins-ExtraBoldItalic.ttf"; sourceTree = "<group>"; fileEncoding = undefined; lastKnownFileType = unknown; explicitFileType = undefined; includeInIndex = 0; };
		53D6ABAA8FD44912A27204B7 /* Poppins-ExtraLight.ttf */ = {isa = PBXFileReference; name = "Poppins-ExtraLight.ttf"; path = "../src/assets/fonts/Poppins-ExtraLight.ttf"; sourceTree = "<group>"; fileEncoding = undefined; lastKnownFileType = unknown; explicitFileType = undefined; includeInIndex = 0; };
		D2E99C889AE34F8E92EDDB88 /* Poppins-ExtraLightItalic.ttf */ = {isa = PBXFileReference; name = "Poppins-ExtraLightItalic.ttf"; path = "../src/assets/fonts/Poppins-ExtraLightItalic.ttf"; sourceTree = "<group>"; fileEncoding = undefined; lastKnownFileType = unknown; explicitFileType = undefined; includeInIndex = 0; };
		A2A2038D0C5A4CF6AE9D720E /* Poppins-Italic.ttf */ = {isa = PBXFileReference; name = "Poppins-Italic.ttf"; path = "../src/assets/fonts/Poppins-Italic.ttf"; sourceTree = "<group>"; fileEncoding = undefined; lastKnownFileType = unknown; explicitFileType = undefined; includeInIndex = 0; };
		BAE82983238546F79964C0A7 /* Poppins-Light.ttf */ = {isa = PBXFileReference; name = "Poppins-Light.ttf"; path = "../src/assets/fonts/Poppins-Light.ttf"; sourceTree = "<group>"; fileEncoding = undefined; lastKnownFileType = unknown; explicitFileType = undefined; includeInIndex = 0; };
		3FF323F2EA954DCB9707709A /* Poppins-LightItalic.ttf */ = {isa = PBXFileReference; name = "Poppins-LightItalic.ttf"; path = "../src/assets/fonts/Poppins-LightItalic.ttf"; sourceTree = "<group>"; fileEncoding = undefined; lastKnownFileType = unknown; explicitFileType = undefined; includeInIndex = 0; };
		70C0094FA70649E29B0EA800 /* Poppins-Medium.ttf */ = {isa = PBXFileReference; name = "Poppins-Medium.ttf"; path = "../src/assets/fonts/Poppins-Medium.ttf"; sourceTree = "<group>"; fileEncoding = undefined; lastKnownFileType = unknown; explicitFileType = undefined; includeInIndex = 0; };
		B372F618AD65447CA2D65F42 /* Poppins-MediumItalic.ttf */ = {isa = PBXFileReference; name = "Poppins-MediumItalic.ttf"; path = "../src/assets/fonts/Poppins-MediumItalic.ttf"; sourceTree = "<group>"; fileEncoding = undefined; lastKnownFileType = unknown; explicitFileType = undefined; includeInIndex = 0; };
		B9858D7321A540A48CE5BBD0 /* Poppins-Regular.ttf */ = {isa = PBXFileReference; name = "Poppins-Regular.ttf"; path = "../src/assets/fonts/Poppins-Regular.ttf"; sourceTree = "<group>"; fileEncoding = undefined; lastKnownFileType = unknown; explicitFileType = undefined; includeInIndex = 0; };
		46E3EE3C50BA4ABE95AE2F55 /* Poppins-SemiBold.ttf */ = {isa = PBXFileReference; name = "Poppins-SemiBold.ttf"; path = "../src/assets/fonts/Poppins-SemiBold.ttf"; sourceTree = "<group>"; fileEncoding = undefined; lastKnownFileType = unknown; explicitFileType = undefined; includeInIndex = 0; };
		D3045890E34149A48E8FDCED /* Poppins-SemiBoldItalic.ttf */ = {isa = PBXFileReference; name = "Poppins-SemiBoldItalic.ttf"; path = "../src/assets/fonts/Poppins-SemiBoldItalic.ttf"; sourceTree = "<group>"; fileEncoding = undefined; lastKnownFileType = unknown; explicitFileType = undefined; includeInIndex = 0; };
		EF50AB0D192F455B8247DF3F /* Poppins-Thin.ttf */ = {isa = PBXFileReference; name = "Poppins-Thin.ttf"; path = "../src/assets/fonts/Poppins-Thin.ttf"; sourceTree = "<group>"; fileEncoding = undefined; lastKnownFileType = unknown; explicitFileType = undefined; includeInIndex = 0; };
		3CFA1EBCF5DE458A80CFB0D0 /* Poppins-ThinItalic.ttf */ = {isa = PBXFileReference; name = "Poppins-ThinItalic.ttf"; path = "../src/assets/fonts/Poppins-ThinItalic.ttf"; sourceTree = "<group>"; fileEncoding = undefined; lastKnownFileType = unknown; explicitFileType = undefined; includeInIndex = 0; };
		E32A2B2FF3054700BDC279C7 /* AntDesign.ttf */ = {isa = PBXFileReference; name = "AntDesign.ttf"; path = "../node_modules/react-native-vector-icons/Fonts/AntDesign.ttf"; sourceTree = "<group>"; fileEncoding = undefined; lastKnownFileType = unknown; explicitFileType = undefined; includeInIndex = 0; };
		668DCFDC5805400B99F11C3F /* Entypo.ttf */ = {isa = PBXFileReference; name = "Entypo.ttf"; path = "../node_modules/react-native-vector-icons/Fonts/Entypo.ttf"; sourceTree = "<group>"; fileEncoding = undefined; lastKnownFileType = unknown; explicitFileType = undefined; includeInIndex = 0; };
		305D2478070743EBB30A9D77 /* EvilIcons.ttf */ = {isa = PBXFileReference; name = "EvilIcons.ttf"; path = "../node_modules/react-native-vector-icons/Fonts/EvilIcons.ttf"; sourceTree = "<group>"; fileEncoding = undefined; lastKnownFileType = unknown; explicitFileType = undefined; includeInIndex = 0; };
		F60EE142C07842BF84F31C29 /* Feather.ttf */ = {isa = PBXFileReference; name = "Feather.ttf"; path = "../node_modules/react-native-vector-icons/Fonts/Feather.ttf"; sourceTree = "<group>"; fileEncoding = undefined; lastKnownFileType = unknown; explicitFileType = undefined; includeInIndex = 0; };
		E10CE545847640D9A825EFBD /* FontAwesome.ttf */ = {isa = PBXFileReference; name = "FontAwesome.ttf"; path = "../node_modules/react-native-vector-icons/Fonts/FontAwesome.ttf"; sourceTree = "<group>"; fileEncoding = undefined; lastKnownFileType = unknown; explicitFileType = undefined; includeInIndex = 0; };
		8A0BB4DAD5504DA99CAEE358 /* FontAwesome5_Brands.ttf */ = {isa = PBXFileReference; name = "FontAwesome5_Brands.ttf"; path = "../node_modules/react-native-vector-icons/Fonts/FontAwesome5_Brands.ttf"; sourceTree = "<group>"; fileEncoding = undefined; lastKnownFileType = unknown; explicitFileType = undefined; includeInIndex = 0; };
		64B70278656F416CAC4FE16E /* FontAwesome5_Regular.ttf */ = {isa = PBXFileReference; name = "FontAwesome5_Regular.ttf"; path = "../node_modules/react-native-vector-icons/Fonts/FontAwesome5_Regular.ttf"; sourceTree = "<group>"; fileEncoding = undefined; lastKnownFileType = unknown; explicitFileType = undefined; includeInIndex = 0; };
		F1F4F973490A498091AFAD8C /* FontAwesome5_Solid.ttf */ = {isa = PBXFileReference; name = "FontAwesome5_Solid.ttf"; path = "../node_modules/react-native-vector-icons/Fonts/FontAwesome5_Solid.ttf"; sourceTree = "<group>"; fileEncoding = undefined; lastKnownFileType = unknown; explicitFileType = undefined; includeInIndex = 0; };
		D98B6A89BCE34E7BB227D4E1 /* FontAwesome6_Brands.ttf */ = {isa = PBXFileReference; name = "FontAwesome6_Brands.ttf"; path = "../node_modules/react-native-vector-icons/Fonts/FontAwesome6_Brands.ttf"; sourceTree = "<group>"; fileEncoding = undefined; lastKnownFileType = unknown; explicitFileType = undefined; includeInIndex = 0; };
		0A3DBA278BB54206B3F77B45 /* FontAwesome6_Regular.ttf */ = {isa = PBXFileReference; name = "FontAwesome6_Regular.ttf"; path = "../node_modules/react-native-vector-icons/Fonts/FontAwesome6_Regular.ttf"; sourceTree = "<group>"; fileEncoding = undefined; lastKnownFileType = unknown; explicitFileType = undefined; includeInIndex = 0; };
		F666B306B03646F1A2BF6EB4 /* FontAwesome6_Solid.ttf */ = {isa = PBXFileReference; name = "FontAwesome6_Solid.ttf"; path = "../node_modules/react-native-vector-icons/Fonts/FontAwesome6_Solid.ttf"; sourceTree = "<group>"; fileEncoding = undefined; lastKnownFileType = unknown; explicitFileType = undefined; includeInIndex = 0; };
		92CDF6E26F114A8F82E08596 /* Fontisto.ttf */ = {isa = PBXFileReference; name = "Fontisto.ttf"; path = "../node_modules/react-native-vector-icons/Fonts/Fontisto.ttf"; sourceTree = "<group>"; fileEncoding = undefined; lastKnownFileType = unknown; explicitFileType = undefined; includeInIndex = 0; };
		BD17F0E11F084F25BDB593DE /* Foundation.ttf */ = {isa = PBXFileReference; name = "Foundation.ttf"; path = "../node_modules/react-native-vector-icons/Fonts/Foundation.ttf"; sourceTree = "<group>"; fileEncoding = undefined; lastKnownFileType = unknown; explicitFileType = undefined; includeInIndex = 0; };
		58F19D2C029443B0B161096D /* Ionicons.ttf */ = {isa = PBXFileReference; name = "Ionicons.ttf"; path = "../node_modules/react-native-vector-icons/Fonts/Ionicons.ttf"; sourceTree = "<group>"; fileEncoding = undefined; lastKnownFileType = unknown; explicitFileType = undefined; includeInIndex = 0; };
		735FA96B0ECC46A1A17831FA /* MaterialCommunityIcons.ttf */ = {isa = PBXFileReference; name = "MaterialCommunityIcons.ttf"; path = "../node_modules/react-native-vector-icons/Fonts/MaterialCommunityIcons.ttf"; sourceTree = "<group>"; fileEncoding = undefined; lastKnownFileType = unknown; explicitFileType = undefined; includeInIndex = 0; };
		C18CFD2FFFA54B89B56E0132 /* MaterialIcons.ttf */ = {isa = PBXFileReference; name = "MaterialIcons.ttf"; path = "../node_modules/react-native-vector-icons/Fonts/MaterialIcons.ttf"; sourceTree = "<group>"; fileEncoding = undefined; lastKnownFileType = unknown; explicitFileType = undefined; includeInIndex = 0; };
		2DC44C92A6B4432C9CA90CAF /* Octicons.ttf */ = {isa = PBXFileReference; name = "Octicons.ttf"; path = "../node_modules/react-native-vector-icons/Fonts/Octicons.ttf"; sourceTree = "<group>"; fileEncoding = undefined; lastKnownFileType = unknown; explicitFileType = undefined; includeInIndex = 0; };
		5BE8C1E547D944B5967CC616 /* SimpleLineIcons.ttf */ = {isa = PBXFileReference; name = "SimpleLineIcons.ttf"; path = "../node_modules/react-native-vector-icons/Fonts/SimpleLineIcons.ttf"; sourceTree = "<group>"; fileEncoding = undefined; lastKnownFileType = unknown; explicitFileType = undefined; includeInIndex = 0; };
		94C05A1EAA8F44679C5CC442 /* Zocial.ttf */ = {isa = PBXFileReference; name = "Zocial.ttf"; path = "../node_modules/react-native-vector-icons/Fonts/Zocial.ttf"; sourceTree = "<group>"; fileEncoding = undefined; lastKnownFileType = unknown; explicitFileType = undefined; includeInIndex = 0; };
/* End PBXFileReference section */

/* Begin PBXFrameworksBuildPhase section */
		13B07F8C1A680F5B00A75B9A /* Frameworks */ = {
			isa = PBXFrameworksBuildPhase;
			buildActionMask = 2147483647;
			files = (
				0C80B921A6F3F58F76C31292 /* libPods-CoinMob.a in Frameworks */,
			);
			runOnlyForDeploymentPostprocessing = 0;
		};
/* End PBXFrameworksBuildPhase section */

/* Begin PBXGroup section */
		13B07FAE1A68108700A75B9A /* CoinMob */ = {
			isa = PBXGroup;
			children = (
				13B07FB51A68108700A75B9A /* Images.xcassets */,
				761780EC2CA45674006654EE /* AppDelegate.swift */,
				13B07FB61A68108700A75B9A /* Info.plist */,
				81AB9BB72411601600AC10FF /* LaunchScreen.storyboard */,
				13B07FB81A68108700A75B9A /* PrivacyInfo.xcprivacy */,
			);
			name = CoinMob;
			sourceTree = "<group>";
		};
		2D16E6871FA4F8E400B85C8A /* Frameworks */ = {
			isa = PBXGroup;
			children = (
				ED297162215061F000B7C4FE /* JavaScriptCore.framework */,
				5DCACB8F33CDC322A6C60F78 /* libPods-CoinMob.a */,
			);
			name = Frameworks;
			sourceTree = "<group>";
		};
		832341AE1AAA6A7D00B99B32 /* Libraries */ = {
			isa = PBXGroup;
			children = (
			);
			name = Libraries;
			sourceTree = "<group>";
		};
		83CBB9F61A601CBA00E9B192 = {
			isa = PBXGroup;
			children = (
				13B07FAE1A68108700A75B9A /* CoinMob */,
				832341AE1AAA6A7D00B99B32 /* Libraries */,
				83CBBA001A601CBA00E9B192 /* Products */,
				2D16E6871FA4F8E400B85C8A /* Frameworks */,
				BBD78D7AC51CEA395F1C20DB /* Pods */,
				A3182F5FD44943678002C26B /* Resources */,
			);
			indentWidth = 2;
			sourceTree = "<group>";
			tabWidth = 2;
			usesTabs = 0;
		};
		83CBBA001A601CBA00E9B192 /* Products */ = {
			isa = PBXGroup;
			children = (
				13B07F961A680F5B00A75B9A /* CoinMob.app */,
			);
			name = Products;
			sourceTree = "<group>";
		};
		BBD78D7AC51CEA395F1C20DB /* Pods */ = {
			isa = PBXGroup;
			children = (
				3B4392A12AC88292D35C810B /* Pods-CoinMob.debug.xcconfig */,
				5709B34CF0A7D63546082F79 /* Pods-CoinMob.release.xcconfig */,
			);
			path = Pods;
			sourceTree = "<group>";
		};
		A3182F5FD44943678002C26B /* Resources */ = {
			isa = "PBXGroup";
			children = (
				BDB2D8A97220405892522D9B /* Poppins-Black.ttf */,
				708A53A5CE254A278ED4D88E /* Poppins-BlackItalic.ttf */,
				790F52513E7B45178A8F3B1E /* Poppins-Bold.ttf */,
				1D5F0BBFC10A46C4BC19436A /* Poppins-BoldItalic.ttf */,
				D11C876917BF461B8FE2E5DB /* Poppins-ExtraBold.ttf */,
				AFB05FD4D7824B999AE9F71B /* Poppins-ExtraBoldItalic.ttf */,
				53D6ABAA8FD44912A27204B7 /* Poppins-ExtraLight.ttf */,
				D2E99C889AE34F8E92EDDB88 /* Poppins-ExtraLightItalic.ttf */,
				A2A2038D0C5A4CF6AE9D720E /* Poppins-Italic.ttf */,
				BAE82983238546F79964C0A7 /* Poppins-Light.ttf */,
				3FF323F2EA954DCB9707709A /* Poppins-LightItalic.ttf */,
				70C0094FA70649E29B0EA800 /* Poppins-Medium.ttf */,
				B372F618AD65447CA2D65F42 /* Poppins-MediumItalic.ttf */,
				B9858D7321A540A48CE5BBD0 /* Poppins-Regular.ttf */,
				46E3EE3C50BA4ABE95AE2F55 /* Poppins-SemiBold.ttf */,
				D3045890E34149A48E8FDCED /* Poppins-SemiBoldItalic.ttf */,
				EF50AB0D192F455B8247DF3F /* Poppins-Thin.ttf */,
				3CFA1EBCF5DE458A80CFB0D0 /* Poppins-ThinItalic.ttf */,
				E32A2B2FF3054700BDC279C7 /* AntDesign.ttf */,
				668DCFDC5805400B99F11C3F /* Entypo.ttf */,
				305D2478070743EBB30A9D77 /* EvilIcons.ttf */,
				F60EE142C07842BF84F31C29 /* Feather.ttf */,
				E10CE545847640D9A825EFBD /* FontAwesome.ttf */,
				8A0BB4DAD5504DA99CAEE358 /* FontAwesome5_Brands.ttf */,
				64B70278656F416CAC4FE16E /* FontAwesome5_Regular.ttf */,
				F1F4F973490A498091AFAD8C /* FontAwesome5_Solid.ttf */,
				D98B6A89BCE34E7BB227D4E1 /* FontAwesome6_Brands.ttf */,
				0A3DBA278BB54206B3F77B45 /* FontAwesome6_Regular.ttf */,
				F666B306B03646F1A2BF6EB4 /* FontAwesome6_Solid.ttf */,
				92CDF6E26F114A8F82E08596 /* Fontisto.ttf */,
				BD17F0E11F084F25BDB593DE /* Foundation.ttf */,
				58F19D2C029443B0B161096D /* Ionicons.ttf */,
				735FA96B0ECC46A1A17831FA /* MaterialCommunityIcons.ttf */,
				C18CFD2FFFA54B89B56E0132 /* MaterialIcons.ttf */,
				2DC44C92A6B4432C9CA90CAF /* Octicons.ttf */,
				5BE8C1E547D944B5967CC616 /* SimpleLineIcons.ttf */,
				94C05A1EAA8F44679C5CC442 /* Zocial.ttf */,
			);
			name = Resources;
			sourceTree = "<group>";
			path = "";
		};
/* End PBXGroup section */

/* Begin PBXNativeTarget section */
		13B07F861A680F5B00A75B9A /* CoinMob */ = {
			isa = PBXNativeTarget;
			buildConfigurationList = 13B07F931A680F5B00A75B9A /* Build configuration list for PBXNativeTarget "CoinMob" */;
			buildPhases = (
				C38B50BA6285516D6DCD4F65 /* [CP] Check Pods Manifest.lock */,
				13B07F871A680F5B00A75B9A /* Sources */,
				13B07F8C1A680F5B00A75B9A /* Frameworks */,
				13B07F8E1A680F5B00A75B9A /* Resources */,
				00DD1BFF1BD5951E006B06BC /* Bundle React Native code and images */,
				00EEFC60759A1932668264C0 /* [CP] Embed Pods Frameworks */,
				E235C05ADACE081382539298 /* [CP] Copy Pods Resources */,
			);
			buildRules = (
			);
			dependencies = (
			);
			name = CoinMob;
			productName = CoinMob;
			productReference = 13B07F961A680F5B00A75B9A /* CoinMob.app */;
			productType = "com.apple.product-type.application";
		};
/* End PBXNativeTarget section */

/* Begin PBXProject section */
		83CBB9F71A601CBA00E9B192 /* Project object */ = {
			isa = PBXProject;
			attributes = {
				LastUpgradeCheck = 1210;
				TargetAttributes = {
					13B07F861A680F5B00A75B9A = {
						LastSwiftMigration = 1120;
					};
				};
			};
			buildConfigurationList = 83CBB9FA1A601CBA00E9B192 /* Build configuration list for PBXProject "CoinMob" */;
			compatibilityVersion = "Xcode 12.0";
			developmentRegion = en;
			hasScannedForEncodings = 0;
			knownRegions = (
				en,
				Base,
			);
			mainGroup = 83CBB9F61A601CBA00E9B192;
			productRefGroup = 83CBBA001A601CBA00E9B192 /* Products */;
			projectDirPath = "";
			projectRoot = "";
			targets = (
				13B07F861A680F5B00A75B9A /* CoinMob */,
			);
		};
/* End PBXProject section */

/* Begin PBXResourcesBuildPhase section */
		13B07F8E1A680F5B00A75B9A /* Resources */ = {
			isa = PBXResourcesBuildPhase;
			buildActionMask = 2147483647;
			files = (
				81AB9BB82411601600AC10FF /* LaunchScreen.storyboard in Resources */,
				13B07FBF1A68108700A75B9A /* Images.xcassets in Resources */,
				59D6B1A1586B44BBB7059B7A /* Poppins-Black.ttf in Resources */,
				37F686EA5B844A1AAB84C4AF /* Poppins-BlackItalic.ttf in Resources */,
				8A1C0939096E41E2AF28BB5F /* Poppins-Bold.ttf in Resources */,
				9ED2927A55FC4C33A6D5729C /* Poppins-BoldItalic.ttf in Resources */,
				AB186C9CCB6244C3B41B21D7 /* Poppins-ExtraBold.ttf in Resources */,
				A1F7CCF2050042C3AD08BC61 /* Poppins-ExtraBoldItalic.ttf in Resources */,
				304ECC4AC3694573B9AE6E97 /* Poppins-ExtraLight.ttf in Resources */,
				ACF97E08B89140139D8F8E14 /* Poppins-ExtraLightItalic.ttf in Resources */,
				1F86D9A938964A738B01B7C1 /* Poppins-Italic.ttf in Resources */,
				C21B3B421A1D44A9B7DD5AA8 /* Poppins-Light.ttf in Resources */,
				D3F1C7A0CA864353BDADF4CD /* Poppins-LightItalic.ttf in Resources */,
				53DBE3B5BECE47109AAE5EB3 /* Poppins-Medium.ttf in Resources */,
				C10BA6BAFA0C4884BB41B5A3 /* Poppins-MediumItalic.ttf in Resources */,
				36610FE24DB84C6CAE2EA6AD /* Poppins-Regular.ttf in Resources */,
				1670875D9CBD4F1EA4826FC0 /* Poppins-SemiBold.ttf in Resources */,
				18F41EBCC0AC455FB811CA1F /* Poppins-SemiBoldItalic.ttf in Resources */,
				D32283DF253243F8A0C5FCB2 /* Poppins-Thin.ttf in Resources */,
				426340257B884236A81C409D /* Poppins-ThinItalic.ttf in Resources */,
				403C480503074A4E84D202FF /* AntDesign.ttf in Resources */,
				984E912B9A0844ACAACBF94A /* Entypo.ttf in Resources */,
				11E396EB2C164706A2ECCB82 /* EvilIcons.ttf in Resources */,
				A7BD23D4778E4F59B4BEBBFD /* Feather.ttf in Resources */,
				66DCB0E2115244BF9A0E8E84 /* FontAwesome.ttf in Resources */,
				A25C5237E38146F3A346ABD6 /* FontAwesome5_Brands.ttf in Resources */,
				BD2068D3DEC64F838DFC2E0D /* FontAwesome5_Regular.ttf in Resources */,
				970B07F15D614BB9B55E0C65 /* FontAwesome5_Solid.ttf in Resources */,
				EA86F234F3444988A7EB1389 /* FontAwesome6_Brands.ttf in Resources */,
				977771D3C564496FBFDD741C /* FontAwesome6_Regular.ttf in Resources */,
				964AFEA180394C7ABE1EC37C /* FontAwesome6_Solid.ttf in Resources */,
				2E1BCB5A246E49AD9040C3F8 /* Fontisto.ttf in Resources */,
				F78AC89E193A4603A977FE40 /* Foundation.ttf in Resources */,
				95F7EBE75CEF455D9E55888C /* Ionicons.ttf in Resources */,
				80F93146233E4B2D855131C9 /* MaterialCommunityIcons.ttf in Resources */,
				07D7843D9FC14051886251B6 /* MaterialIcons.ttf in Resources */,
				CC3759D125E945A0A5D96763 /* Octicons.ttf in Resources */,
				3F31AB3E2C1344FEB67F5DF4 /* SimpleLineIcons.ttf in Resources */,
				FF32408AF5024B71A84581C1 /* Zocial.ttf in Resources */,
			);
			runOnlyForDeploymentPostprocessing = 0;
		};
/* End PBXResourcesBuildPhase section */

/* Begin PBXShellScriptBuildPhase section */
		00DD1BFF1BD5951E006B06BC /* Bundle React Native code and images */ = {
			isa = PBXShellScriptBuildPhase;
			buildActionMask = 2147483647;
			files = (
			);
			inputPaths = (
				"$(SRCROOT)/.xcode.env.local",
				"$(SRCROOT)/.xcode.env",
			);
			name = "Bundle React Native code and images";
			outputPaths = (
			);
			runOnlyForDeploymentPostprocessing = 0;
			shellPath = /bin/sh;
			shellScript = "set -e\n\nWITH_ENVIRONMENT=\"$REACT_NATIVE_PATH/scripts/xcode/with-environment.sh\"\nREACT_NATIVE_XCODE=\"$REACT_NATIVE_PATH/scripts/react-native-xcode.sh\"\n\n/bin/sh -c \"$WITH_ENVIRONMENT $REACT_NATIVE_XCODE\"\n";
		};
		00EEFC60759A1932668264C0 /* [CP] Embed Pods Frameworks */ = {
			isa = PBXShellScriptBuildPhase;
			buildActionMask = 2147483647;
			files = (
			);
			inputFileListPaths = (
				"${PODS_ROOT}/Target Support Files/Pods-CoinMob/Pods-CoinMob-frameworks-${CONFIGURATION}-input-files.xcfilelist",
			);
			name = "[CP] Embed Pods Frameworks";
			outputFileListPaths = (
				"${PODS_ROOT}/Target Support Files/Pods-CoinMob/Pods-CoinMob-frameworks-${CONFIGURATION}-output-files.xcfilelist",
			);
			runOnlyForDeploymentPostprocessing = 0;
			shellPath = /bin/sh;
			shellScript = "\"${PODS_ROOT}/Target Support Files/Pods-CoinMob/Pods-CoinMob-frameworks.sh\"\n";
			showEnvVarsInLog = 0;
		};
		C38B50BA6285516D6DCD4F65 /* [CP] Check Pods Manifest.lock */ = {
			isa = PBXShellScriptBuildPhase;
			buildActionMask = 2147483647;
			files = (
			);
			inputFileListPaths = (
			);
			inputPaths = (
				"${PODS_PODFILE_DIR_PATH}/Podfile.lock",
				"${PODS_ROOT}/Manifest.lock",
			);
			name = "[CP] Check Pods Manifest.lock";
			outputFileListPaths = (
			);
			outputPaths = (
				"$(DERIVED_FILE_DIR)/Pods-CoinMob-checkManifestLockResult.txt",
			);
			runOnlyForDeploymentPostprocessing = 0;
			shellPath = /bin/sh;
			shellScript = "diff \"${PODS_PODFILE_DIR_PATH}/Podfile.lock\" \"${PODS_ROOT}/Manifest.lock\" > /dev/null\nif [ $? != 0 ] ; then\n    # print error to STDERR\n    echo \"error: The sandbox is not in sync with the Podfile.lock. Run 'pod install' or update your CocoaPods installation.\" >&2\n    exit 1\nfi\n# This output is used by Xcode 'outputs' to avoid re-running this script phase.\necho \"SUCCESS\" > \"${SCRIPT_OUTPUT_FILE_0}\"\n";
			showEnvVarsInLog = 0;
		};
		E235C05ADACE081382539298 /* [CP] Copy Pods Resources */ = {
			isa = PBXShellScriptBuildPhase;
			buildActionMask = 2147483647;
			files = (
			);
			inputFileListPaths = (
				"${PODS_ROOT}/Target Support Files/Pods-CoinMob/Pods-CoinMob-resources-${CONFIGURATION}-input-files.xcfilelist",
			);
			name = "[CP] Copy Pods Resources";
			outputFileListPaths = (
				"${PODS_ROOT}/Target Support Files/Pods-CoinMob/Pods-CoinMob-resources-${CONFIGURATION}-output-files.xcfilelist",
			);
			runOnlyForDeploymentPostprocessing = 0;
			shellPath = /bin/sh;
			shellScript = "\"${PODS_ROOT}/Target Support Files/Pods-CoinMob/Pods-CoinMob-resources.sh\"\n";
			showEnvVarsInLog = 0;
		};
/* End PBXShellScriptBuildPhase section */

/* Begin PBXSourcesBuildPhase section */
		13B07F871A680F5B00A75B9A /* Sources */ = {
			isa = PBXSourcesBuildPhase;
			buildActionMask = 2147483647;
			files = (
				761780ED2CA45674006654EE /* AppDelegate.swift in Sources */,
			);
			runOnlyForDeploymentPostprocessing = 0;
		};
/* End PBXSourcesBuildPhase section */

/* Begin XCBuildConfiguration section */
		13B07F941A680F5B00A75B9A /* Debug */ = {
			isa = XCBuildConfiguration;
			baseConfigurationReference = 3B4392A12AC88292D35C810B /* Pods-CoinMob.debug.xcconfig */;
			buildSettings = {
				ASSETCATALOG_COMPILER_APPICON_NAME = AppIcon;
				CLANG_ENABLE_MODULES = YES;
				CURRENT_PROJECT_VERSION = 150;
				ENABLE_BITCODE = NO;
				INFOPLIST_FILE = CoinMob/Info.plist;
				IPHONEOS_DEPLOYMENT_TARGET = 15.1;
				LD_RUNPATH_SEARCH_PATHS = (
					"$(inherited)",
					"@executable_path/Frameworks",
				);
				MARKETING_VERSION = 1.0;
				OTHER_LDFLAGS = (
					"$(inherited)",
					"-ObjC",
					"-lc++",
				);
				PRODUCT_BUNDLE_IDENTIFIER = com.coinmob.app;
				PRODUCT_NAME = CoinMob;
				SWIFT_OPTIMIZATION_LEVEL = "-Onone";
				SWIFT_VERSION = 5.0;
				VERSIONING_SYSTEM = "apple-generic";
			};
			name = Debug;
		};
		13B07F951A680F5B00A75B9A /* Release */ = {
			isa = XCBuildConfiguration;
			baseConfigurationReference = 5709B34CF0A7D63546082F79 /* Pods-CoinMob.release.xcconfig */;
			buildSettings = {
				ASSETCATALOG_COMPILER_APPICON_NAME = AppIcon;
				CLANG_ENABLE_MODULES = YES;
				CURRENT_PROJECT_VERSION = 150;
				INFOPLIST_FILE = CoinMob/Info.plist;
				IPHONEOS_DEPLOYMENT_TARGET = 15.1;
				LD_RUNPATH_SEARCH_PATHS = (
					"$(inherited)",
					"@executable_path/Frameworks",
				);
				MARKETING_VERSION = 1.0;
				OTHER_LDFLAGS = (
					"$(inherited)",
					"-ObjC",
					"-lc++",
				);
				PRODUCT_BUNDLE_IDENTIFIER = com.coinmob.app;
				PRODUCT_NAME = CoinMob;
				SWIFT_VERSION = 5.0;
				VERSIONING_SYSTEM = "apple-generic";
			};
			name = Release;
		};
		83CBBA201A601CBA00E9B192 /* Debug */ = {
			isa = XCBuildConfiguration;
			buildSettings = {
				ALWAYS_SEARCH_USER_PATHS = NO;
				CLANG_ANALYZER_LOCALIZABILITY_NONLOCALIZED = YES;
				CLANG_CXX_LANGUAGE_STANDARD = "c++20";
				CLANG_CXX_LIBRARY = "libc++";
				CLANG_ENABLE_MODULES = YES;
				CLANG_ENABLE_OBJC_ARC = YES;
				CLANG_WARN_BLOCK_CAPTURE_AUTORELEASING = YES;
				CLANG_WARN_BOOL_CONVERSION = YES;
				CLANG_WARN_COMMA = YES;
				CLANG_WARN_CONSTANT_CONVERSION = YES;
				CLANG_WARN_DEPRECATED_OBJC_IMPLEMENTATIONS = YES;
				CLANG_WARN_DIRECT_OBJC_ISA_USAGE = YES_ERROR;
				CLANG_WARN_EMPTY_BODY = YES;
				CLANG_WARN_ENUM_CONVERSION = YES;
				CLANG_WARN_INFINITE_RECURSION = YES;
				CLANG_WARN_INT_CONVERSION = YES;
				CLANG_WARN_NON_LITERAL_NULL_CONVERSION = YES;
				CLANG_WARN_OBJC_IMPLICIT_RETAIN_SELF = YES;
				CLANG_WARN_OBJC_LITERAL_CONVERSION = YES;
				CLANG_WARN_OBJC_ROOT_CLASS = YES_ERROR;
				CLANG_WARN_QUOTED_INCLUDE_IN_FRAMEWORK_HEADER = YES;
				CLANG_WARN_RANGE_LOOP_ANALYSIS = YES;
				CLANG_WARN_STRICT_PROTOTYPES = YES;
				CLANG_WARN_SUSPICIOUS_MOVE = YES;
				CLANG_WARN_UNREACHABLE_CODE = YES;
				CLANG_WARN__DUPLICATE_METHOD_MATCH = YES;
				"CODE_SIGN_IDENTITY[sdk=iphoneos*]" = "iPhone Developer";
				COPY_PHASE_STRIP = NO;
				ENABLE_STRICT_OBJC_MSGSEND = YES;
				ENABLE_TESTABILITY = YES;
				"EXCLUDED_ARCHS[sdk=iphonesimulator*]" = "";
				GCC_C_LANGUAGE_STANDARD = gnu99;
				GCC_DYNAMIC_NO_PIC = NO;
				GCC_NO_COMMON_BLOCKS = YES;
				GCC_OPTIMIZATION_LEVEL = 0;
				GCC_PREPROCESSOR_DEFINITIONS = (
					"DEBUG=1",
					"$(inherited)",
				);
				GCC_SYMBOLS_PRIVATE_EXTERN = NO;
				GCC_WARN_64_TO_32_BIT_CONVERSION = YES;
				GCC_WARN_ABOUT_RETURN_TYPE = YES_ERROR;
				GCC_WARN_UNDECLARED_SELECTOR = YES;
				GCC_WARN_UNINITIALIZED_AUTOS = YES_AGGRESSIVE;
				GCC_WARN_UNUSED_FUNCTION = YES;
				GCC_WARN_UNUSED_VARIABLE = YES;
				IPHONEOS_DEPLOYMENT_TARGET = 15.1;
				LD_RUNPATH_SEARCH_PATHS = (
					/usr/lib/swift,
					"$(inherited)",
				);
				LIBRARY_SEARCH_PATHS = (
					"\"$(SDKROOT)/usr/lib/swift\"",
					"\"$(TOOLCHAIN_DIR)/usr/lib/swift/$(PLATFORM_NAME)\"",
					"\"$(inherited)\"",
				);
				MTL_ENABLE_DEBUG_INFO = YES;
				ONLY_ACTIVE_ARCH = YES;
				OTHER_CPLUSPLUSFLAGS = (
					"$(OTHER_CFLAGS)",
					"-DFOLLY_NO_CONFIG",
					"-DFOLLY_MOBILE=1",
					"-DFOLLY_USE_LIBCPP=1",
					"-DFOLLY_CFG_NO_COROUTINES=1",
					"-DFOLLY_HAVE_CLOCK_GETTIME=1",
				);
				SDKROOT = iphoneos;
			};
			name = Debug;
		};
		83CBBA211A601CBA00E9B192 /* Release */ = {
			isa = XCBuildConfiguration;
			buildSettings = {
				ALWAYS_SEARCH_USER_PATHS = NO;
				CLANG_ANALYZER_LOCALIZABILITY_NONLOCALIZED = YES;
				CLANG_CXX_LANGUAGE_STANDARD = "c++20";
				CLANG_CXX_LIBRARY = "libc++";
				CLANG_ENABLE_MODULES = YES;
				CLANG_ENABLE_OBJC_ARC = YES;
				CLANG_WARN_BLOCK_CAPTURE_AUTORELEASING = YES;
				CLANG_WARN_BOOL_CONVERSION = YES;
				CLANG_WARN_COMMA = YES;
				CLANG_WARN_CONSTANT_CONVERSION = YES;
				CLANG_WARN_DEPRECATED_OBJC_IMPLEMENTATIONS = YES;
				CLANG_WARN_DIRECT_OBJC_ISA_USAGE = YES_ERROR;
				CLANG_WARN_EMPTY_BODY = YES;
				CLANG_WARN_ENUM_CONVERSION = YES;
				CLANG_WARN_INFINITE_RECURSION = YES;
				CLANG_WARN_INT_CONVERSION = YES;
				CLANG_WARN_NON_LITERAL_NULL_CONVERSION = YES;
				CLANG_WARN_OBJC_IMPLICIT_RETAIN_SELF = YES;
				CLANG_WARN_OBJC_LITERAL_CONVERSION = YES;
				CLANG_WARN_OBJC_ROOT_CLASS = YES_ERROR;
				CLANG_WARN_QUOTED_INCLUDE_IN_FRAMEWORK_HEADER = YES;
				CLANG_WARN_RANGE_LOOP_ANALYSIS = YES;
				CLANG_WARN_STRICT_PROTOTYPES = YES;
				CLANG_WARN_SUSPICIOUS_MOVE = YES;
				CLANG_WARN_UNREACHABLE_CODE = YES;
				CLANG_WARN__DUPLICATE_METHOD_MATCH = YES;
				"CODE_SIGN_IDENTITY[sdk=iphoneos*]" = "iPhone Developer";
				COPY_PHASE_STRIP = YES;
				ENABLE_NS_ASSERTIONS = NO;
				ENABLE_STRICT_OBJC_MSGSEND = YES;
				"EXCLUDED_ARCHS[sdk=iphonesimulator*]" = "";
				GCC_C_LANGUAGE_STANDARD = gnu99;
				GCC_NO_COMMON_BLOCKS = YES;
				GCC_WARN_64_TO_32_BIT_CONVERSION = YES;
				GCC_WARN_ABOUT_RETURN_TYPE = YES_ERROR;
				GCC_WARN_UNDECLARED_SELECTOR = YES;
				GCC_WARN_UNINITIALIZED_AUTOS = YES_AGGRESSIVE;
				GCC_WARN_UNUSED_FUNCTION = YES;
				GCC_WARN_UNUSED_VARIABLE = YES;
				IPHONEOS_DEPLOYMENT_TARGET = 15.1;
				LD_RUNPATH_SEARCH_PATHS = (
					/usr/lib/swift,
					"$(inherited)",
				);
				LIBRARY_SEARCH_PATHS = (
					"\"$(SDKROOT)/usr/lib/swift\"",
					"\"$(TOOLCHAIN_DIR)/usr/lib/swift/$(PLATFORM_NAME)\"",
					"\"$(inherited)\"",
				);
				MTL_ENABLE_DEBUG_INFO = NO;
				OTHER_CPLUSPLUSFLAGS = (
					"$(OTHER_CFLAGS)",
					"-DFOLLY_NO_CONFIG",
					"-DFOLLY_MOBILE=1",
					"-DFOLLY_USE_LIBCPP=1",
					"-DFOLLY_CFG_NO_COROUTINES=1",
					"-DFOLLY_HAVE_CLOCK_GETTIME=1",
				);
				SDKROOT = iphoneos;
				VALIDATE_PRODUCT = YES;
			};
			name = Release;
		};
/* End XCBuildConfiguration section */

/* Begin XCConfigurationList section */
		13B07F931A680F5B00A75B9A /* Build configuration list for PBXNativeTarget "CoinMob" */ = {
			isa = XCConfigurationList;
			buildConfigurations = (
				13B07F941A680F5B00A75B9A /* Debug */,
				13B07F951A680F5B00A75B9A /* Release */,
			);
			defaultConfigurationIsVisible = 0;
			defaultConfigurationName = Release;
		};
		83CBB9FA1A601CBA00E9B192 /* Build configuration list for PBXProject "CoinMob" */ = {
			isa = XCConfigurationList;
			buildConfigurations = (
				83CBBA201A601CBA00E9B192 /* Debug */,
				83CBBA211A601CBA00E9B192 /* Release */,
			);
			defaultConfigurationIsVisible = 0;
			defaultConfigurationName = Release;
		};
/* End XCConfigurationList section */
	};
	rootObject = 83CBB9F71A601CBA00E9B192 /* Project object */;
}
